version = 1
revision = 5
requires-python = ">=3.8"

[[package]]
name = "lsp"
version = "1.0.0"
source = { virtual = "." }

[package.dev-dependencies]
dev = [
    { name = "pyrefly" },
    { name = "sublime-text-stubs" },
]

[package.metadata]

[package.metadata.requires-dev]
dev = [
    { name = "pyrefly", specifier = ">=1.3.2" },
    { name = "sublime-text-stubs", specifier = ">=1.4200.0b2" },
]

[[package]]
name = "pyrefly"
version = "1.3.2"
source = { registry = "https://pypi.org/simple" }
sdist = { url = "https://files.pythonhosted.org/packages/4d/78/b6ec12acb586606618c71ebe1008af59e1ca50e667895f1946fa7b656619/pyrefly-1.3.2.tar.gz", hash = "sha256:30a68ff5429a1546ec08a2d913dfe442c9553a2940d274de18833d8eda939b5e", size = 6679591, upload-time = "2026-09-28T22:10:06.292Z" }
wheels = [
    { url = "https://files.pythonhosted.org/packages/24/01/144a78839822abad55628881bcb45f8173e6d8b87976897c9105884b5a6b/pyrefly-1.3.2-py3-none-macosx_10_12_x86_64.whl", hash = "sha256:626dbaee16ae1169a10a4ba3293583b5ab0320102f35efaad9e03457a2fc646c", size = 15088488, upload-time = "2026-09-28T22:09:40.743Z" },
    { url = "https://files.pythonhosted.org/packages/23/aa/599756bd42e6533ee9261ebd288f846ab453b00debaef2b4789893967809/pyrefly-1.3.2-py3-none-macosx_11_0_arm64.whl", hash = "sha256:2d5fc704dbf0e990dc4f15cb1ead64f1a325ae27383a50c76cfcaf0387f926bb", size = 14429996, upload-time = "2026-09-28T22:09:43.316Z" },
    { url = "https://files.pythonhosted.org/packages/90/0c/4b0678889136b1514ecd25cec11974d5bfdaeaaf9f5fe8a766ca45ec4ab5/pyrefly-1.3.2-py3-none-manylinux_2_17_aarch64.manylinux2014_aarch64.whl", hash = "sha256:89dbe8a33e735fa96023c33ce5dfd81af9b0bdd2ee771e8d69b2ebffc7e0fbc7", size = 14871810, upload-time = "2026-09-28T22:09:45.42Z" },
    { url = "https://files.pythonhosted.org/packages/a6/4e/a96236391c6bb0d8b50af85e0ea6c0c56206f739931ac3031f9e000325ee/pyrefly-1.3.2-py3-none-manylinux_2_17_i686.manylinux2014_i686.whl", hash = "sha256:3ec0c31715d48bff279f548b85a93b5bc43d2c7bd1492a8cd703a9185cb089e5", size = 16113462, upload-time = "2026-09-28T22:09:47.619Z" },
    { url = "https://files.pythonhosted.org/packages/ad/c3/d4d0966aa7008ebd8481a6d05aa53202ad40c9597705eeee87ba6e0e2025/pyrefly-1.3.2-py3-none-manylinux_2_17_ppc64le.manylinux2014_ppc64le.whl", hash = "sha256:3b3de468bed691e40dc6271284c8dcc05e649d7ed45280ef3d07332741efe34c", size = 16043341, upload-time = "2026-09-28T22:09:50.083Z" },
    { url = "https://files.pythonhosted.org/packages/4f/d1/52d9ea1b7048c7316d9ff7594c170b1c06d37547a75d140c8deea7b9ddfd/pyrefly-1.3.2-py3-none-manylinux_2_17_x86_64.manylinux2014_x86_64.whl", hash = "sha256:cb94365fe5f854cb4fe82f600c4e2453160d328610b12981004851ee0b6e8aeb", size = 15437183, upload-time = "2026-09-28T22:09:52.56Z" },
    { url = "https://files.pythonhosted.org/packages/08/ec/24f83e4a397fa9d5c416bb4d378ee1bb18fe48bdd5698fe541636f5352f3/pyrefly-1.3.2-py3-none-musllinux_1_2_aarch64.whl", hash = "sha256:4f730d2e515ac25827fc68f343a7aa02b1072e0062df6a430346a4ffdfb5db2f", size = 14892976, upload-time = "2026-09-28T22:09:54.916Z" },
    { url = "https://files.pythonhosted.org/packages/29/c7/a473f8e9ec31ba0682ebe44f4e51167a22a4cbdc8bfd87365b9aca23be20/pyrefly-1.3.2-py3-none-musllinux_1_2_x86_64.whl", hash = "sha256:60f440e1626bd5cc4a41ee90cecba80796ed01ebd6c15d9f933efb8d07ffe2b8", size = 15469689, upload-time = "2026-09-28T22:09:57.541Z" },
    { url = "https://files.pythonhosted.org/packages/d0/df/779092365e8e469fc8e7349e1c26c35b8a73df9e6be80a00265fc26a2b2b/pyrefly-1.3.2-py3-none-win32.whl", hash = "sha256:b31684189de44a25a5bf00bdf3ad16be44a7b14654702d6018bce1043357202c", size = 14135550, upload-time = "2026-09-28T22:09:59.757Z" },
    { url = "https://files.pythonhosted.org/packages/9d/20/466333e7f2891f8c357b5c226559c39ba8dde4f90be09189ecc771a086f5/pyrefly-1.3.2-py3-none-win_amd64.whl", hash = "sha256:693960cdb247d1f76b9e09b3f2554dae20034f7d442ccd4e9b3e8962a3622363", size = 15067523, upload-time = "2026-09-28T22:10:02.099Z" },
    { url = "https://files.pythonhosted.org/packages/18/32/ee66df92c692c0686d82c9ecef3876ccb0386aa318bf507016f0121a8f78/pyrefly-1.3.2-py3-none-win_arm64.whl", hash = "sha256:f7424b21331670522980ff13e08bd143659879a4d92f4832282c7d7c41a9b5d6", size = 14348271, upload-time = "2026-09-28T22:10:04.253Z" },
]

[[package]]
name = "sublime-text-stubs"
version = "1.4200.0b2"
source = { registry = "https://pypi.org/simple" }
sdist = { url = "https://files.pythonhosted.org/packages/f7/7c/895f90ef23ac3bc784b88e805d4e8fc26bfe3538f1dc7b0b661bde4b79d6/sublime_text_stubs-1.4200.0b2.tar.gz", hash = "sha256:1e5742bd3eee20140c2b609f5f02544c67e445d0f09ea657c2404436b1fca5f0", size = 72753, upload-time = "2026-08-16T10:22:25.858Z" }
wheels = [
    { url = "https://files.pythonhosted.org/packages/6b/ec/590cd176f8088128ce954d85260f02516a78a27fc93fed9c14e468b34734/sublime_text_stubs-1.4200.0b2-py3-none-any.whl", hash = "sha256:84ab71657d716533e4e269e242b6d3c5989e843f5ffe5fc1267be9e6d868e2e3", size = 36470, upload-time = "2026-08-16T10:22:24.838Z" },
]
